
Microsoft Visual Studio Solution File, Format Version 12.00
# Visual Studio Version 17
VisualStudioVersion = 17.14.36109.1
MinimumVisualStudioVersion = 10.0.40219.1
Project("{FAE04EC0-301F-11D3-BF4B-00C04F79EFBC}") = "SistemaRequerimientos", "SistemaRequerimientos\SistemaRequerimientos.csproj", "{FBAE75ED-ACBA-4A73-8583-19CB8B088D85}"
EndProject
Project("{FAE04EC0-301F-11D3-BF4B-00C04F79EFBC}") = "SistemaEntities", "SistemaEntities\SistemaEntities.csproj", "{C9277C8C-00D9-4A96-8838-A015B3310F0A}"
EndProject
Project("{FAE04EC0-301F-11D3-BF4B-00C04F79EFBC}") = "RequerimientoDTO", "RequerimientoDTO\RequerimientoDTO.csproj", "{1D7872D3-FBCB-4915-9384-1A85BB541BAE}"
EndProject
Project("{FAE04EC0-301F-11D3-BF4B-00C04F79EFBC}") = "RequerimientosData", "RequerimientosData\RequerimientosData.csproj", "{0F3BB9C1-0DE7-4887-8A29-28F144A1856E}"
EndProject
Project("{FAE04EC0-301F-11D3-BF4B-00C04F79EFBC}") = "RequerimientoService", "RequerimientoService\RequerimientoService.csproj", "{1DD3C312-06AE-453D-9A74-7D6DA7972BD1}"
EndProject
Global
	GlobalSection(SolutionConfigurationPlatforms) = preSolution
		Debug|Any CPU = Debug|Any CPU
		Release|Any CPU = Release|Any CPU
	EndGlobalSection
	GlobalSection(ProjectConfigurationPlatforms) = postSolution
		{FBAE75ED-ACBA-4A73-8583-19CB8B088D85}.Debug|Any CPU.ActiveCfg = Debug|Any CPU
		{FBAE75ED-ACBA-4A73-8583-19CB8B088D85}.Debug|Any CPU.Build.0 = Debug|Any CPU
		{FBAE75ED-ACBA-4A73-8583-19CB8B088D85}.Release|Any CPU.ActiveCfg = Release|Any CPU
		{FBAE75ED-ACBA-4A73-8583-19CB8B088D85}.Release|Any CPU.Build.0 = Release|Any CPU
		{C9277C8C-00D9-4A96-8838-A015B3310F0A}.Debug|Any CPU.ActiveCfg = Debug|Any CPU
		{C9277C8C-00D9-4A96-8838-A015B3310F0A}.Debug|Any CPU.Build.0 = Debug|Any CPU
		{C9277C8C-00D9-4A96-8838-A015B3310F0A}.Release|Any CPU.ActiveCfg = Release|Any CPU
		{C9277C8C-00D9-4A96-8838-A015B3310F0A}.Release|Any CPU.Build.0 = Release|Any CPU
		{1D7872D3-FBCB-4915-9384-1A85BB541BAE}.Debug|Any CPU.ActiveCfg = Debug|Any CPU
		{1D7872D3-FBCB-4915-9384-1A85BB541BAE}.Debug|Any CPU.Build.0 = Debug|Any CPU
		{1D7872D3-FBCB-4915-9384-1A85BB541BAE}.Release|Any CPU.ActiveCfg = Release|Any CPU
		{1D7872D3-FBCB-4915-9384-1A85BB541BAE}.Release|Any CPU.Build.0 = Release|Any CPU
		{0F3BB9C1-0DE7-4887-8A29-28F144A1856E}.Debug|Any CPU.ActiveCfg = Debug|Any CPU
		{0F3BB9C1-0DE7-4887-8A29-28F144A1856E}.Debug|Any CPU.Build.0 = Debug|Any CPU
		{0F3BB9C1-0DE7-4887-8A29-28F144A1856E}.Release|Any CPU.ActiveCfg = Release|Any CPU
		{0F3BB9C1-0DE7-4887-8A29-28F144A1856E}.Release|Any CPU.Build.0 = Release|Any CPU
		{1DD3C312-06AE-453D-9A74-7D6DA7972BD1}.Debug|Any CPU.ActiveCfg = Debug|Any CPU
		{1DD3C312-06AE-453D-9A74-7D6DA7972BD1}.Debug|Any CPU.Build.0 = Debug|Any CPU
		{1DD3C312-06AE-453D-9A74-7D6DA7972BD1}.Release|Any CPU.ActiveCfg = Release|Any CPU
		{1DD3C312-06AE-453D-9A74-7D6DA7972BD1}.Release|Any CPU.Build.0 = Release|Any CPU
	EndGlobalSection
	GlobalSection(SolutionProperties) = preSolution
		HideSolutionNode = FALSE
	EndGlobalSection
	GlobalSection(ExtensibilityGlobals) = postSolution
		SolutionGuid = {A96C7D55-03EE-49BA-9416-405014C02102}
	EndGlobalSection
EndGlobal
